
Microsoft Visual Studio Solution File, Format Version 12.00
# Visual Studio Version 16
VisualStudioVersion = 16.0.31313.79
MinimumVisualStudioVersion = 10.0.40219.1
Project("{8BC9CEB8-8B4A-11D0-8D11-00A0C91BC942}") = "RedisTimeSeries", "RedisTimeSeries.vcxproj", "{31E46B67-9555-4D1B-9F3C-5516899B5BE9}"
EndProject
Project("{8BC9CEB8-8B4A-11D0-8D11-00A0C91BC942}") = "RedisModulesSDK", "..\deps\RedisModulesSDK\msvc\RedisModulesSDK.vcxproj", "{6191759E-3ED8-4B8D-8A07-EA9F87B7C549}"
EndProject
Global
	GlobalSection(SolutionConfigurationPlatforms) = preSolution
		Debug|x64 = Debug|x64
		Debug|x86 = Debug|x86
		Release|x64 = Release|x64
		Release|x86 = Release|x86
	EndGlobalSection
	GlobalSection(ProjectConfigurationPlatforms) = postSolution
		{31E46B67-9555-4D1B-9F3C-5516899B5BE9}.Debug|x64.ActiveCfg = Debug|x64
		{31E46B67-9555-4D1B-9F3C-5516899B5BE9}.Debug|x64.Build.0 = Debug|x64
		{31E46B67-9555-4D1B-9F3C-5516899B5BE9}.Debug|x86.ActiveCfg = Debug|Win32
		{31E46B67-9555-4D1B-9F3C-5516899B5BE9}.Debug|x86.Build.0 = Debug|Win32
		{31E46B67-9555-4D1B-9F3C-5516899B5BE9}.Release|x64.ActiveCfg = Release|x64
		{31E46B67-9555-4D1B-9F3C-5516899B5BE9}.Release|x64.Build.0 = Release|x64
		{31E46B67-9555-4D1B-9F3C-5516899B5BE9}.Release|x86.ActiveCfg = Release|Win32
		{31E46B67-9555-4D1B-9F3C-5516899B5BE9}.Release|x86.Build.0 = Release|Win32
		{6191759E-3ED8-4B8D-8A07-EA9F87B7C549}.Debug|x64.ActiveCfg = Debug|x64
		{6191759E-3ED8-4B8D-8A07-EA9F87B7C549}.Debug|x64.Build.0 = Debug|x64
		{6191759E-3ED8-4B8D-8A07-EA9F87B7C549}.Debug|x86.ActiveCfg = Debug|Win32
		{6191759E-3ED8-4B8D-8A07-EA9F87B7C549}.Debug|x86.Build.0 = Debug|Win32
		{6191759E-3ED8-4B8D-8A07-EA9F87B7C549}.Release|x64.ActiveCfg = Release|x64
		{6191759E-3ED8-4B8D-8A07-EA9F87B7C549}.Release|x64.Build.0 = Release|x64
		{6191759E-3ED8-4B8D-8A07-EA9F87B7C549}.Release|x86.ActiveCfg = Release|Win32
		{6191759E-3ED8-4B8D-8A07-EA9F87B7C549}.Release|x86.Build.0 = Release|Win32
	EndGlobalSection
	GlobalSection(SolutionProperties) = preSolution
		HideSolutionNode = FALSE
	EndGlobalSection
	GlobalSection(ExtensibilityGlobals) = postSolution
		SolutionGuid = {2BEA0ACF-D5EB-4B39-AB6D-1EF47D6B2697}
	EndGlobalSection
EndGlobal
